
Microsoft Visual Studio Solution File, Format Version 12.00
# Visual Studio Version 17
VisualStudioVersion = 17.8.34511.84
MinimumVisualStudioVersion = 10.0.40219.1
Project("{FAE04EC0-301F-11D3-BF4B-00C04F79EFBC}") = "StringCalculator", "StringCalculator\StringCalculator.csproj", "{3E48A4C3-9188-4974-8182-90E8E7F5C83D}"
EndProject
Project("{FAE04EC0-301F-11D3-BF4B-00C04F79EFBC}") = "StringCalculator.Tests", "StringCalculator.Tests\StringCalculator.Tests.csproj", "{9E395523-5BF7-48B6-BDE0-9717320B80DF}"
EndProject
Global
	GlobalSection(SolutionConfigurationPlatforms) = preSolution
		Debug|Any CPU = Debug|Any CPU
		Release|Any CPU = Release|Any CPU
	EndGlobalSection
	GlobalSection(ProjectConfigurationPlatforms) = postSolution
		{3E48A4C3-9188-4974-8182-90E8E7F5C83D}.Debug|Any CPU.ActiveCfg = Debug|Any CPU
		{3E48A4C3-9188-4974-8182-90E8E7F5C83D}.Debug|Any CPU.Build.0 = Debug|Any CPU
		{3E48A4C3-9188-4974-8182-90E8E7F5C83D}.Release|Any CPU.ActiveCfg = Release|Any CPU
		{3E48A4C3-9188-4974-8182-90E8E7F5C83D}.Release|Any CPU.Build.0 = Release|Any CPU
		{9E395523-5BF7-48B6-BDE0-9717320B80DF}.Debug|Any CPU.ActiveCfg = Debug|Any CPU
		{9E395523-5BF7-48B6-BDE0-9717320B80DF}.Debug|Any CPU.Build.0 = Debug|Any CPU
		{9E395523-5BF7-48B6-BDE0-9717320B80DF}.Release|Any CPU.ActiveCfg = Release|Any CPU
		{9E395523-5BF7-48B6-BDE0-9717320B80DF}.Release|Any CPU.Build.0 = Release|Any CPU
	EndGlobalSection
	GlobalSection(SolutionProperties) = preSolution
		HideSolutionNode = FALSE
	EndGlobalSection
	GlobalSection(ExtensibilityGlobals) = postSolution
		SolutionGuid = {BE44F2ED-D630-4DF3-86BE-D0697B4C0E37}
	EndGlobalSection
EndGlobal
